
Microsoft Visual Studio Solution File, Format Version 12.00
# Visual Studio Version 16
VisualStudioVersion = 16.0.30717.126
MinimumVisualStudioVersion = 10.0.40219.1
Project("{FAE04EC0-301F-11D3-BF4B-00C04F79EFBC}") = "DemoStore", "DemoStore\DemoStore.csproj", "{81CCEE9C-42E5-426D-8DAB-AB5418D317C7}"
EndProject
Project("{FAE04EC0-301F-11D3-BF4B-00C04F79EFBC}") = "DemoStore_Admin", "DemoStore_Admin\DemoStore_Admin.csproj", "{A2454D8E-BE08-4CFE-BA72-FF51ABA2D805}"
EndProject
Global
	GlobalSection(SolutionConfigurationPlatforms) = preSolution
		Debug|Any CPU = Debug|Any CPU
		Release|Any CPU = Release|Any CPU
	EndGlobalSection
	GlobalSection(ProjectConfigurationPlatforms) = postSolution
		{81CCEE9C-42E5-426D-8DAB-AB5418D317C7}.Debug|Any CPU.ActiveCfg = Debug|Any CPU
		{81CCEE9C-42E5-426D-8DAB-AB5418D317C7}.Debug|Any CPU.Build.0 = Debug|Any CPU
		{81CCEE9C-42E5-426D-8DAB-AB5418D317C7}.Release|Any CPU.ActiveCfg = Release|Any CPU
		{81CCEE9C-42E5-426D-8DAB-AB5418D317C7}.Release|Any CPU.Build.0 = Release|Any CPU
		{A2454D8E-BE08-4CFE-BA72-FF51ABA2D805}.Debug|Any CPU.ActiveCfg = Debug|Any CPU
		{A2454D8E-BE08-4CFE-BA72-FF51ABA2D805}.Debug|Any CPU.Build.0 = Debug|Any CPU
		{A2454D8E-BE08-4CFE-BA72-FF51ABA2D805}.Release|Any CPU.ActiveCfg = Release|Any CPU
		{A2454D8E-BE08-4CFE-BA72-FF51ABA2D805}.Release|Any CPU.Build.0 = Release|Any CPU
	EndGlobalSection
	GlobalSection(SolutionProperties) = preSolution
		HideSolutionNode = FALSE
	EndGlobalSection
	GlobalSection(ExtensibilityGlobals) = postSolution
		SolutionGuid = {BC3F6DE7-49D9-4FE1-B926-EC3F2820DCFE}
	EndGlobalSection
EndGlobal
